// !$*UTF8*$!
{
	archiveVersion = 1;
	classes = {
	};
	objectVersion = 50;
	objects = {

/* Begin PBXBuildFile section */
		9B97451623FA45FC0084EC8F /* Lookup.swift in Sources */ = {isa = PBXBuildFile; fileRef = 9B97451523FA45FC0084EC8F /* Lookup.swift */; };
		EAA7F43623F6565100E45E8C /* AppDelegate.swift in Sources */ = {isa = PBXBuildFile; fileRef = EAA7F43523F6565100E45E8C /* AppDelegate.swift */; };
		EAA7F43823F6565100E45E8C /* SceneDelegate.swift in Sources */ = {isa = PBXBuildFile; fileRef = EAA7F43723F6565100E45E8C /* SceneDelegate.swift */; };
		EAA7F43A23F6565100E45E8C /* ViewController.swift in Sources */ = {isa = PBXBuildFile; fileRef = EAA7F43923F6565100E45E8C /* ViewController.swift */; };
		EAA7F43D23F6565100E45E8C /* Main.storyboard in Resources */ = {isa = PBXBuildFile; fileRef = EAA7F43B23F6565100E45E8C /* Main.storyboard */; };
		EAA7F43F23F6565100E45E8C /* Assets.xcassets in Resources */ = {isa = PBXBuildFile; fileRef = EAA7F43E23F6565100E45E8C /* Assets.xcassets */; };
		EAA7F44223F6565100E45E8C /* LaunchScreen.storyboard in Resources */ = {isa = PBXBuildFile; fileRef = EAA7F44023F6565100E45E8C /* LaunchScreen.storyboard */; };
		EAA7F44D23F6565200E45E8C /* iTunesSDKTests.swift in Sources */ = {isa = PBXBuildFile; fileRef = EAA7F44C23F6565200E45E8C /* iTunesSDKTests.swift */; };
		EAA7F45823F6565200E45E8C /* iTunesSDKUITests.swift in Sources */ = {isa = PBXBuildFile; fileRef = EAA7F45723F6565200E45E8C /* iTunesSDKUITests.swift */; };
		EAA7F46623F656BC00E45E8C /* LookupCoordinator.swift in Sources */ = {isa = PBXBuildFile; fileRef = EAA7F46523F656BC00E45E8C /* LookupCoordinator.swift */; };
		EAA7F46923F656E400E45E8C /* MediaType.swift in Sources */ = {isa = PBXBuildFile; fileRef = EAA7F46823F656E400E45E8C /* MediaType.swift */; };
		EAA7F46B23F656F200E45E8C /* Entity.swift in Sources */ = {isa = PBXBuildFile; fileRef = EAA7F46A23F656F200E45E8C /* Entity.swift */; };
/* End PBXBuildFile section */

/* Begin PBXContainerItemProxy section */
		EAA7F44923F6565200E45E8C /* PBXContainerItemProxy */ = {
			isa = PBXContainerItemProxy;
			containerPortal = EAA7F42A23F6565000E45E8C /* Project object */;
			proxyType = 1;
			remoteGlobalIDString = EAA7F43123F6565100E45E8C;
			remoteInfo = iTunesSDK;
		};
		EAA7F45423F6565200E45E8C /* PBXContainerItemProxy */ = {
			isa = PBXContainerItemProxy;
			containerPortal = EAA7F42A23F6565000E45E8C /* Project object */;
			proxyType = 1;
			remoteGlobalIDString = EAA7F43123F6565100E45E8C;
			remoteInfo = iTunesSDK;
		};
/* End PBXContainerItemProxy section */

/* Begin PBXFileReference section */
		9B97451523FA45FC0084EC8F /* Lookup.swift */ = {isa = PBXFileReference; lastKnownFileType = sourcecode.swift; path = Lookup.swift; sourceTree = "<group>"; };
		EAA7F43223F6565100E45E8C /* iTunesSDK.app */ = {isa = PBXFileReference; explicitFileType = wrapper.application; includeInIndex = 0; path = iTunesSDK.app; sourceTree = BUILT_PRODUCTS_DIR; };
		EAA7F43523F6565100E45E8C /* AppDelegate.swift */ = {isa = PBXFileReference; lastKnownFileType = sourcecode.swift; path = AppDelegate.swift; sourceTree = "<group>"; };
		EAA7F43723F6565100E45E8C /* SceneDelegate.swift */ = {isa = PBXFileReference; lastKnownFileType = sourcecode.swift; path = SceneDelegate.swift; sourceTree = "<group>"; };
		EAA7F43923F6565100E45E8C /* ViewController.swift */ = {isa = PBXFileReference; lastKnownFileType = sourcecode.swift; path = ViewController.swift; sourceTree = "<group>"; };
		EAA7F43C23F6565100E45E8C /* Base */ = {isa = PBXFileReference; lastKnownFileType = file.storyboard; name = Base; path = Base.lproj/Main.storyboard; sourceTree = "<group>"; };
		EAA7F43E23F6565100E45E8C /* Assets.xcassets */ = {isa = PBXFileReference; lastKnownFileType = folder.assetcatalog; path = Assets.xcassets; sourceTree = "<group>"; };
		EAA7F44123F6565100E45E8C /* Base */ = {isa = PBXFileReference; lastKnownFileType = file.storyboard; name = Base; path = Base.lproj/LaunchScreen.storyboard; sourceTree = "<group>"; };
		EAA7F44323F6565100E45E8C /* Info.plist */ = {isa = PBXFileReference; lastKnownFileType = text.plist.xml; path = Info.plist; sourceTree = "<group>"; };
		EAA7F44823F6565200E45E8C /* iTunesSDKTests.xctest */ = {isa = PBXFileReference; explicitFileType = wrapper.cfbundle; includeInIndex = 0; path = iTunesSDKTests.xctest; sourceTree = BUILT_PRODUCTS_DIR; };
		EAA7F44C23F6565200E45E8C /* iTunesSDKTests.swift */ = {isa = PBXFileReference; lastKnownFileType = sourcecode.swift; path = iTunesSDKTests.swift; sourceTree = "<group>"; };
		EAA7F44E23F6565200E45E8C /* Info.plist */ = {isa = PBXFileReference; lastKnownFileType = text.plist.xml; path = Info.plist; sourceTree = "<group>"; };
		EAA7F45323F6565200E45E8C /* iTunesSDKUITests.xctest */ = {isa = PBXFileReference; explicitFileType = wrapper.cfbundle; includeInIndex = 0; path = iTunesSDKUITests.xctest; sourceTree = BUILT_PRODUCTS_DIR; };
		EAA7F45723F6565200E45E8C /* iTunesSDKUITests.swift */ = {isa = PBXFileReference; lastKnownFileType = sourcecode.swift; path = iTunesSDKUITests.swift; sourceTree = "<group>"; };
		EAA7F45923F6565200E45E8C /* Info.plist */ = {isa = PBXFileReference; lastKnownFileType = text.plist.xml; path = Info.plist; sourceTree = "<group>"; };
		EAA7F46523F656BC00E45E8C /* LookupCoordinator.swift */ = {isa = PBXFileReference; lastKnownFileType = sourcecode.swift; path = LookupCoordinator.swift; sourceTree = "<group>"; };
		EAA7F46823F656E400E45E8C /* MediaType.swift */ = {isa = PBXFileReference; lastKnownFileType = sourcecode.swift; path = MediaType.swift; sourceTree = "<group>"; };
		EAA7F46A23F656F200E45E8C /* Entity.swift */ = {isa = PBXFileReference; lastKnownFileType = sourcecode.swift; path = Entity.swift; sourceTree = "<group>"; };
/* End PBXFileReference section */

/* Begin PBXFrameworksBuildPhase section */
		EAA7F42F23F6565100E45E8C /* Frameworks */ = {
			isa = PBXFrameworksBuildPhase;
			buildActionMask = 2147483647;
			files = (
			);
			runOnlyForDeploymentPostprocessing = 0;
		};
		EAA7F44523F6565200E45E8C /* Frameworks */ = {
			isa = PBXFrameworksBuildPhase;
			buildActionMask = 2147483647;
			files = (
			);
			runOnlyForDeploymentPostprocessing = 0;
		};
		EAA7F45023F6565200E45E8C /* Frameworks */ = {
			isa = PBXFrameworksBuildPhase;
			buildActionMask = 2147483647;
			files = (
			);
			runOnlyForDeploymentPostprocessing = 0;
		};
/* End PBXFrameworksBuildPhase section */

/* Begin PBXGroup section */
		EAA7F42923F6565000E45E8C = {
			isa = PBXGroup;
			children = (
				EAA7F43423F6565100E45E8C /* iTunesSDK */,
				EAA7F44B23F6565200E45E8C /* iTunesSDKTests */,
				EAA7F45623F6565200E45E8C /* iTunesSDKUITests */,
				EAA7F43323F6565100E45E8C /* Products */,
			);
			sourceTree = "<group>";
		};
		EAA7F43323F6565100E45E8C /* Products */ = {
			isa = PBXGroup;
			children = (
				EAA7F43223F6565100E45E8C /* iTunesSDK.app */,
				EAA7F44823F6565200E45E8C /* iTunesSDKTests.xctest */,
				EAA7F45323F6565200E45E8C /* iTunesSDKUITests.xctest */,
			);
			name = Products;
			sourceTree = "<group>";
		};
		EAA7F43423F6565100E45E8C /* iTunesSDK */ = {
			isa = PBXGroup;
			children = (
				EAA7F43523F6565100E45E8C /* AppDelegate.swift */,
				EAA7F43723F6565100E45E8C /* SceneDelegate.swift */,
				EAA7F43923F6565100E45E8C /* ViewController.swift */,
				EAA7F46723F656CC00E45E8C /* Model */,
				EAA7F43B23F6565100E45E8C /* Main.storyboard */,
				EAA7F43E23F6565100E45E8C /* Assets.xcassets */,
				EAA7F44023F6565100E45E8C /* LaunchScreen.storyboard */,
				EAA7F44323F6565100E45E8C /* Info.plist */,
			);
			path = iTunesSDK;
			sourceTree = "<group>";
		};
		EAA7F44B23F6565200E45E8C /* iTunesSDKTests */ = {
			isa = PBXGroup;
			children = (
				EAA7F44C23F6565200E45E8C /* iTunesSDKTests.swift */,
				EAA7F44E23F6565200E45E8C /* Info.plist */,
			);
			path = iTunesSDKTests;
			sourceTree = "<group>";
		};
		EAA7F45623F6565200E45E8C /* iTunesSDKUITests */ = {
			isa = PBXGroup;
			children = (
				EAA7F45723F6565200E45E8C /* iTunesSDKUITests.swift */,
				EAA7F45923F6565200E45E8C /* Info.plist */,
			);
			path = iTunesSDKUITests;
			sourceTree = "<group>";
		};
		EAA7F46723F656CC00E45E8C /* Model */ = {
			isa = PBXGroup;
			children = (
				EAA7F46523F656BC00E45E8C /* LookupCoordinator.swift */,
				9B97451523FA45FC0084EC8F /* Lookup.swift */,
				EAA7F46823F656E400E45E8C /* MediaType.swift */,
				EAA7F46A23F656F200E45E8C /* Entity.swift */,
			);
			path = Model;
			sourceTree = "<group>";
		};
/* End PBXGroup section */

/* Begin PBXNativeTarget section */
		EAA7F43123F6565100E45E8C /* iTunesSDK */ = {
			isa = PBXNativeTarget;
			buildConfigurationList = EAA7F45C23F6565200E45E8C /* Build configuration list for PBXNativeTarget "iTunesSDK" */;
			buildPhases = (
				EAA7F42E23F6565100E45E8C /* Sources */,
				EAA7F42F23F6565100E45E8C /* Frameworks */,
				EAA7F43023F6565100E45E8C /* Resources */,
			);
			buildRules = (
			);
			dependencies = (
			);
			name = iTunesSDK;
			productName = iTunesSDK;
			productReference = EAA7F43223F6565100E45E8C /* iTunesSDK.app */;
			productType = "com.apple.product-type.application";
		};
		EAA7F44723F6565200E45E8C /* iTunesSDKTests */ = {
			isa = PBXNativeTarget;
			buildConfigurationList = EAA7F45F23F6565200E45E8C /* Build configuration list for PBXNativeTarget "iTunesSDKTests" */;
			buildPhases = (
				EAA7F44423F6565200E45E8C /* Sources */,
				EAA7F44523F6565200E45E8C /* Frameworks */,
				EAA7F44623F6565200E45E8C /* Resources */,
			);
			buildRules = (
			);
			dependencies = (
				EAA7F44A23F6565200E45E8C /* PBXTargetDependency */,
			);
			name = iTunesSDKTests;
			productName = iTunesSDKTests;
			productReference = EAA7F44823F6565200E45E8C /* iTunesSDKTests.xctest */;
			productType = "com.apple.product-type.bundle.unit-test";
		};
		EAA7F45223F6565200E45E8C /* iTunesSDKUITests */ = {
			isa = PBXNativeTarget;
			buildConfigurationList = EAA7F46223F6565200E45E8C /* Build configuration list for PBXNativeTarget "iTunesSDKUITests" */;
			buildPhases = (
				EAA7F44F23F6565200E45E8C /* Sources */,
				EAA7F45023F6565200E45E8C /* Frameworks */,
				EAA7F45123F6565200E45E8C /* Resources */,
			);
			buildRules = (
			);
			dependencies = (
				EAA7F45523F6565200E45E8C /* PBXTargetDependency */,
			);
			name = iTunesSDKUITests;
			productName = iTunesSDKUITests;
			productReference = EAA7F45323F6565200E45E8C /* iTunesSDKUITests.xctest */;
			productType = "com.apple.product-type.bundle.ui-testing";
		};
/* End PBXNativeTarget section */

/* Begin PBXProject section */
		EAA7F42A23F6565000E45E8C /* Project object */ = {
			isa = PBXProject;
			attributes = {
				LastSwiftUpdateCheck = 1130;
				LastUpgradeCheck = 1130;
				ORGANIZATIONNAME = Quetzal;
				TargetAttributes = {
					EAA7F43123F6565100E45E8C = {
						CreatedOnToolsVersion = 11.3.1;
					};
					EAA7F44723F6565200E45E8C = {
						CreatedOnToolsVersion = 11.3.1;
						TestTargetID = EAA7F43123F6565100E45E8C;
					};
					EAA7F45223F6565200E45E8C = {
						CreatedOnToolsVersion = 11.3.1;
						TestTargetID = EAA7F43123F6565100E45E8C;
					};
				};
			};
			buildConfigurationList = EAA7F42D23F6565000E45E8C /* Build configuration list for PBXProject "iTunesSDK" */;
			compatibilityVersion = "Xcode 9.3";
			developmentRegion = en;
			hasScannedForEncodings = 0;
			knownRegions = (
				en,
				Base,
			);
			mainGroup = EAA7F42923F6565000E45E8C;
			productRefGroup = EAA7F43323F6565100E45E8C /* Products */;
			projectDirPath = "";
			projectRoot = "";
			targets = (
				EAA7F43123F6565100E45E8C /* iTunesSDK */,
				EAA7F44723F6565200E45E8C /* iTunesSDKTests */,
				EAA7F45223F6565200E45E8C /* iTunesSDKUITests */,
			);
		};
/* End PBXProject section */

/* Begin PBXResourcesBuildPhase section */
		EAA7F43023F6565100E45E8C /* Resources */ = {
			isa = PBXResourcesBuildPhase;
			buildActionMask = 2147483647;
			files = (
				EAA7F44223F6565100E45E8C /* LaunchScreen.storyboard in Resources */,
				EAA7F43F23F6565100E45E8C /* Assets.xcassets in Resources */,
				EAA7F43D23F6565100E45E8C /* Main.storyboard in Resources */,
			);
			runOnlyForDeploymentPostprocessing = 0;
		};
		EAA7F44623F6565200E45E8C /* Resources */ = {
			isa = PBXResourcesBuildPhase;
			buildActionMask = 2147483647;
			files = (
			);
			runOnlyForDeploymentPostprocessing = 0;
		};
		EAA7F45123F6565200E45E8C /* Resources */ = {
			isa = PBXResourcesBuildPhase;
			buildActionMask = 2147483647;
			files = (
			);
			runOnlyForDeploymentPostprocessing = 0;
		};
/* End PBXResourcesBuildPhase section */

/* Begin PBXSourcesBuildPhase section */
		EAA7F42E23F6565100E45E8C /* Sources */ = {
			isa = PBXSourcesBuildPhase;
			buildActionMask = 2147483647;
			files = (
				EAA7F46923F656E400E45E8C /* MediaType.swift in Sources */,
				EAA7F46623F656BC00E45E8C /* LookupCoordinator.swift in Sources */,
				EAA7F46B23F656F200E45E8C /* Entity.swift in Sources */,
				EAA7F43A23F6565100E45E8C /* ViewController.swift in Sources */,
				EAA7F43623F6565100E45E8C /* AppDelegate.swift in Sources */,
				9B97451623FA45FC0084EC8F /* Lookup.swift in Sources */,
				EAA7F43823F6565100E45E8C /* SceneDelegate.swift in Sources */,
			);
			runOnlyForDeploymentPostprocessing = 0;
		};
		EAA7F44423F6565200E45E8C /* Sources */ = {
			isa = PBXSourcesBuildPhase;
			buildActionMask = 2147483647;
			files = (
				EAA7F44D23F6565200E45E8C /* iTunesSDKTests.swift in Sources */,
			);
			runOnlyForDeploymentPostprocessing = 0;
		};
		EAA7F44F23F6565200E45E8C /* Sources */ = {
			isa = PBXSourcesBuildPhase;
			buildActionMask = 2147483647;
			files = (
				EAA7F45823F6565200E45E8C /* iTunesSDKUITests.swift in Sources */,
			);
			runOnlyForDeploymentPostprocessing = 0;
		};
/* End PBXSourcesBuildPhase section */

/* Begin PBXTargetDependency section */
		EAA7F44A23F6565200E45E8C /* PBXTargetDependency */ = {
			isa = PBXTargetDependency;
			target = EAA7F43123F6565100E45E8C /* iTunesSDK */;
			targetProxy = EAA7F44923F6565200E45E8C /* PBXContainerItemProxy */;
		};
		EAA7F45523F6565200E45E8C /* PBXTargetDependency */ = {
			isa = PBXTargetDependency;
			target = EAA7F43123F6565100E45E8C /* iTunesSDK */;
			targetProxy = EAA7F45423F6565200E45E8C /* PBXContainerItemProxy */;
		};
/* End PBXTargetDependency section */

/* Begin PBXVariantGroup section */
		EAA7F43B23F6565100E45E8C /* Main.storyboard */ = {
			isa = PBXVariantGroup;
			children = (
				EAA7F43C23F6565100E45E8C /* Base */,
			);
			name = Main.storyboard;
			sourceTree = "<group>";
		};
		EAA7F44023F6565100E45E8C /* LaunchScreen.storyboard */ = {
			isa = PBXVariantGroup;
			children = (
				EAA7F44123F6565100E45E8C /* Base */,
			);
			name = LaunchScreen.storyboard;
			sourceTree = "<group>";
		};
/* End PBXVariantGroup section */

/* Begin XCBuildConfiguration section */
		EAA7F45A23F6565200E45E8C /* Debug */ = {
			isa = XCBuildConfiguration;
			buildSettings = {
				ALWAYS_SEARCH_USER_PATHS = NO;
				CLANG_ANALYZER_NONNULL = YES;
				CLANG_ANALYZER_NUMBER_OBJECT_CONVERSION = YES_AGGRESSIVE;
				CLANG_CXX_LANGUAGE_STANDARD = "gnu++14";
				CLANG_CXX_LIBRARY = "libc++";
				CLANG_ENABLE_MODULES = YES;
				CLANG_ENABLE_OBJC_ARC = YES;
				CLANG_ENABLE_OBJC_WEAK = YES;
				CLANG_WARN_BLOCK_CAPTURE_AUTORELEASING = YES;
				CLANG_WARN_BOOL_CONVERSION = YES;
				CLANG_WARN_COMMA = YES;
				CLANG_WARN_CONSTANT_CONVERSION = YES;
				CLANG_WARN_DEPRECATED_OBJC_IMPLEMENTATIONS = YES;
				CLANG_WARN_DIRECT_OBJC_ISA_USAGE = YES_ERROR;
				CLANG_WARN_DOCUMENTATION_COMMENTS = YES;
				CLANG_WARN_EMPTY_BODY = YES;
				CLANG_WARN_ENUM_CONVERSION = YES;
				CLANG_WARN_INFINITE_RECURSION = YES;
				CLANG_WARN_INT_CONVERSION = YES;
				CLANG_WARN_NON_LITERAL_NULL_CONVERSION = YES;
				CLANG_WARN_OBJC_IMPLICIT_RETAIN_SELF = YES;
				CLANG_WARN_OBJC_LITERAL_CONVERSION = YES;
				CLANG_WARN_OBJC_ROOT_CLASS = YES_ERROR;
				CLANG_WARN_RANGE_LOOP_ANALYSIS = YES;
				CLANG_WARN_STRICT_PROTOTYPES = YES;
				CLANG_WARN_SUSPICIOUS_MOVE = YES;
				CLANG_WARN_UNGUARDED_AVAILABILITY = YES_AGGRESSIVE;
				CLANG_WARN_UNREACHABLE_CODE = YES;
				CLANG_WARN__DUPLICATE_METHOD_MATCH = YES;
				COPY_PHASE_STRIP = NO;
				DEBUG_INFORMATION_FORMAT = dwarf;
				ENABLE_STRICT_OBJC_MSGSEND = YES;
				ENABLE_TESTABILITY = YES;
				GCC_C_LANGUAGE_STANDARD = gnu11;
				GCC_DYNAMIC_NO_PIC = NO;
				GCC_NO_COMMON_BLOCKS = YES;
				GCC_OPTIMIZATION_LEVEL = 0;
				GCC_PREPROCESSOR_DEFINITIONS = (
					"DEBUG=1",
					"$(inherited)",
				);
				GCC_WARN_64_TO_32_BIT_CONVERSION = YES;
				GCC_WARN_ABOUT_RETURN_TYPE = YES_ERROR;
				GCC_WARN_UNDECLARED_SELECTOR = YES;
				GCC_WARN_UNINITIALIZED_AUTOS = YES_AGGRESSIVE;
				GCC_WARN_UNUSED_FUNCTION = YES;
				GCC_WARN_UNUSED_VARIABLE = YES;
				IPHONEOS_DEPLOYMENT_TARGET = 13.2;
				MTL_ENABLE_DEBUG_INFO = INCLUDE_SOURCE;
				MTL_FAST_MATH = YES;
				ONLY_ACTIVE_ARCH = YES;
				SDKROOT = iphoneos;
				SWIFT_ACTIVE_COMPILATION_CONDITIONS = DEBUG;
				SWIFT_OPTIMIZATION_LEVEL = "-Onone";
			};
			name = Debug;
		};
		EAA7F45B23F6565200E45E8C /* Release */ = {
			isa = XCBuildConfiguration;
			buildSettings = {
				ALWAYS_SEARCH_USER_PATHS = NO;
				CLANG_ANALYZER_NONNULL = YES;
				CLANG_ANALYZER_NUMBER_OBJECT_CONVERSION = YES_AGGRESSIVE;
				CLANG_CXX_LANGUAGE_STANDARD = "gnu++14";
				CLANG_CXX_LIBRARY = "libc++";
				CLANG_ENABLE_MODULES = YES;
				CLANG_ENABLE_OBJC_ARC = YES;
				CLANG_ENABLE_OBJC_WEAK = YES;
				CLANG_WARN_BLOCK_CAPTURE_AUTORELEASING = YES;
				CLANG_WARN_BOOL_CONVERSION = YES;
				CLANG_WARN_COMMA = YES;
				CLANG_WARN_CONSTANT_CONVERSION = YES;
				CLANG_WARN_DEPRECATED_OBJC_IMPLEMENTATIONS = YES;
				CLANG_WARN_DIRECT_OBJC_ISA_USAGE = YES_ERROR;
				CLANG_WARN_DOCUMENTATION_COMMENTS = YES;
				CLANG_WARN_EMPTY_BODY = YES;
				CLANG_WARN_ENUM_CONVERSION = YES;
				CLANG_WARN_INFINITE_RECURSION = YES;
				CLANG_WARN_INT_CONVERSION = YES;
				CLANG_WARN_NON_LITERAL_NULL_CONVERSION = YES;
				CLANG_WARN_OBJC_IMPLICIT_RETAIN_SELF = YES;
				CLANG_WARN_OBJC_LITERAL_CONVERSION = YES;
				CLANG_WARN_OBJC_ROOT_CLASS = YES_ERROR;
				CLANG_WARN_RANGE_LOOP_ANALYSIS = YES;
				CLANG_WARN_STRICT_PROTOTYPES = YES;
				CLANG_WARN_SUSPICIOUS_MOVE = YES;
				CLANG_WARN_UNGUARDED_AVAILABILITY = YES_AGGRESSIVE;
				CLANG_WARN_UNREACHABLE_CODE = YES;
				CLANG_WARN__DUPLICATE_METHOD_MATCH = YES;
				COPY_PHASE_STRIP = NO;
				DEBUG_INFORMATION_FORMAT = "dwarf-with-dsym";
				ENABLE_NS_ASSERTIONS = NO;
				ENABLE_STRICT_OBJC_MSGSEND = YES;
				GCC_C_LANGUAGE_STANDARD = gnu11;
				GCC_NO_COMMON_BLOCKS = YES;
				GCC_WARN_64_TO_32_BIT_CONVERSION = YES;
				GCC_WARN_ABOUT_RETURN_TYPE = YES_ERROR;
				GCC_WARN_UNDECLARED_SELECTOR = YES;
				GCC_WARN_UNINITIALIZED_AUTOS = YES_AGGRESSIVE;
				GCC_WARN_UNUSED_FUNCTION = YES;
				GCC_WARN_UNUSED_VARIABLE = YES;
				IPHONEOS_DEPLOYMENT_TARGET = 13.2;
				MTL_ENABLE_DEBUG_INFO = NO;
				MTL_FAST_MATH = YES;
				SDKROOT = iphoneos;
				SWIFT_COMPILATION_MODE = wholemodule;
				SWIFT_OPTIMIZATION_LEVEL = "-O";
				VALIDATE_PRODUCT = YES;
			};
			name = Release;
		};
		EAA7F45D23F6565200E45E8C /* Debug */ = {
			isa = XCBuildConfiguration;
			buildSettings = {
				ASSETCATALOG_COMPILER_APPICON_NAME = AppIcon;
				CODE_SIGN_STYLE = Automatic;
				INFOPLIST_FILE = iTunesSDK/Info.plist;
				LD_RUNPATH_SEARCH_PATHS = (
					"$(inherited)",
					"@executable_path/Frameworks",
				);
				PRODUCT_BUNDLE_IDENTIFIER = quetzal.iTunesSDK;
				PRODUCT_NAME = "$(TARGET_NAME)";
				SWIFT_VERSION = 5.0;
				TARGETED_DEVICE_FAMILY = "1,2";
			};
			name = Debug;
		};
		EAA7F45E23F6565200E45E8C /* Release */ = {
			isa = XCBuildConfiguration;
			buildSettings = {
				ASSETCATALOG_COMPILER_APPICON_NAME = AppIcon;
				CODE_SIGN_STYLE = Automatic;
				INFOPLIST_FILE = iTunesSDK/Info.plist;
				LD_RUNPATH_SEARCH_PATHS = (
					"$(inherited)",
					"@executable_path/Frameworks",
				);
				PRODUCT_BUNDLE_IDENTIFIER = quetzal.iTunesSDK;
				PRODUCT_NAME = "$(TARGET_NAME)";
				SWIFT_VERSION = 5.0;
				TARGETED_DEVICE_FAMILY = "1,2";
			};
			name = Release;
		};
		EAA7F46023F6565200E45E8C /* Debug */ = {
			isa = XCBuildConfiguration;
			buildSettings = {
				ALWAYS_EMBED_SWIFT_STANDARD_LIBRARIES = YES;
				BUNDLE_LOADER = "$(TEST_HOST)";
				CODE_SIGN_STYLE = Automatic;
				INFOPLIST_FILE = iTunesSDKTests/Info.plist;
				IPHONEOS_DEPLOYMENT_TARGET = 13.2;
				LD_RUNPATH_SEARCH_PATHS = (
					"$(inherited)",
					"@executable_path/Frameworks",
					"@loader_path/Frameworks",
				);
				PRODUCT_BUNDLE_IDENTIFIER = quetzal.iTunesSDKTests;
				PRODUCT_NAME = "$(TARGET_NAME)";
				SWIFT_VERSION = 5.0;
				TARGETED_DEVICE_FAMILY = "1,2";
				TEST_HOST = "$(BUILT_PRODUCTS_DIR)/iTunesSDK.app/iTunesSDK";
			};
			name = Debug;
		};
		EAA7F46123F6565200E45E8C /* Release */ = {
			isa = XCBuildConfiguration;
			buildSettings = {
				ALWAYS_EMBED_SWIFT_STANDARD_LIBRARIES = YES;
				BUNDLE_LOADER = "$(TEST_HOST)";
				CODE_SIGN_STYLE = Automatic;
				INFOPLIST_FILE = iTunesSDKTests/Info.plist;
				IPHONEOS_DEPLOYMENT_TARGET = 13.2;
				LD_RUNPATH_SEARCH_PATHS = (
					"$(inherited)",
					"@executable_path/Frameworks",
					"@loader_path/Frameworks",
				);
				PRODUCT_BUNDLE_IDENTIFIER = quetzal.iTunesSDKTests;
				PRODUCT_NAME = "$(TARGET_NAME)";
				SWIFT_VERSION = 5.0;
				TARGETED_DEVICE_FAMILY = "1,2";
				TEST_HOST = "$(BUILT_PRODUCTS_DIR)/iTunesSDK.app/iTunesSDK";
			};
			name = Release;
		};
		EAA7F46323F6565200E45E8C /* Debug */ = {
			isa = XCBuildConfiguration;
			buildSettings = {
				ALWAYS_EMBED_SWIFT_STANDARD_LIBRARIES = YES;
				CODE_SIGN_STYLE = Automatic;
				INFOPLIST_FILE = iTunesSDKUITests/Info.plist;
				LD_RUNPATH_SEARCH_PATHS = (
					"$(inherited)",
					"@executable_path/Frameworks",
					"@loader_path/Frameworks",
				);
				PRODUCT_BUNDLE_IDENTIFIER = quetzal.iTunesSDKUITests;
				PRODUCT_NAME = "$(TARGET_NAME)";
				SWIFT_VERSION = 5.0;
				TARGETED_DEVICE_FAMILY = "1,2";
				TEST_TARGET_NAME = iTunesSDK;
			};
			name = Debug;
		};
		EAA7F46423F6565200E45E8C /* Release */ = {
			isa = XCBuildConfiguration;
			buildSettings = {
				ALWAYS_EMBED_SWIFT_STANDARD_LIBRARIES = YES;
				CODE_SIGN_STYLE = Automatic;
				INFOPLIST_FILE = iTunesSDKUITests/Info.plist;
				LD_RUNPATH_SEARCH_PATHS = (
					"$(inherited)",
					"@executable_path/Frameworks",
					"@loader_path/Frameworks",
				);
				PRODUCT_BUNDLE_IDENTIFIER = quetzal.iTunesSDKUITests;
				PRODUCT_NAME = "$(TARGET_NAME)";
				SWIFT_VERSION = 5.0;
				TARGETED_DEVICE_FAMILY = "1,2";
				TEST_TARGET_NAME = iTunesSDK;
			};
			name = Release;
		};
/* End XCBuildConfiguration section */

/* Begin XCConfigurationList section */
		EAA7F42D23F6565000E45E8C /* Build configuration list for PBXProject "iTunesSDK" */ = {
			isa = XCConfigurationList;
			buildConfigurations = (
				EAA7F45A23F6565200E45E8C /* Debug */,
				EAA7F45B23F6565200E45E8C /* Release */,
			);
			defaultConfigurationIsVisible = 0;
			defaultConfigurationName = Release;
		};
		EAA7F45C23F6565200E45E8C /* Build configuration list for PBXNativeTarget "iTunesSDK" */ = {
			isa = XCConfigurationList;
			buildConfigurations = (
				EAA7F45D23F6565200E45E8C /* Debug */,
				EAA7F45E23F6565200E45E8C /* Release */,
			);
			defaultConfigurationIsVisible = 0;
			defaultConfigurationName = Release;
		};
		EAA7F45F23F6565200E45E8C /* Build configuration list for PBXNativeTarget "iTunesSDKTests" */ = {
			isa = XCConfigurationList;
			buildConfigurations = (
				EAA7F46023F6565200E45E8C /* Debug */,
				EAA7F46123F6565200E45E8C /* Release */,
			);
			defaultConfigurationIsVisible = 0;
			defaultConfigurationName = Release;
		};
		EAA7F46223F6565200E45E8C /* Build configuration list for PBXNativeTarget "iTunesSDKUITests" */ = {
			isa = XCConfigurationList;
			buildConfigurations = (
				EAA7F46323F6565200E45E8C /* Debug */,
				EAA7F46423F6565200E45E8C /* Release */,
			);
			defaultConfigurationIsVisible = 0;
			defaultConfigurationName = Release;
		};
/* End XCConfigurationList section */
	};
	rootObject = EAA7F42A23F6565000E45E8C /* Project object */;
}
